{
  "nodes": {
    "home-manager": {
      "inputs": {
        "nixpkgs": [
          "livecdhome",
          "nixpkgs"
        ]
      },
      "locked": {
        "lastModified": 1720178612,
        "narHash": "sha256-XYFH2108NG4Fy2zkhEX2Zpv4z1gQdsDhV2u7cy4KiJI=",
        "owner": "libewa",
        "repo": "home-manager-1",
        "rev": "5b7366666be21f795b0ea5cce0b75df65b875ff5",
        "type": "github"
      },
      "original": {
        "owner": "libewa",
        "ref": "zed-editor",
        "repo": "home-manager-1",
        "type": "github"
      }
    },
    "livecdhome": {
      "inputs": {
        "home-manager": "home-manager",
        "nixpkgs": "nixpkgs"
      },
      "locked": {
        "lastModified": 1721105624,
        "narHash": "sha256-FzFpRbtXw7cPynUf66ukD2qpwqAIjIbyLmfe++H5+yc=",
        "owner": "libewa",
        "repo": "home-manager",
        "rev": "85e156bbf402b97db10d081cd46c30c05c271220",
        "type": "github"
      },
      "original": {
        "owner": "libewa",
        "repo": "home-manager",
        "type": "github"
      }
    },
    "nixlib": {
      "locked": {
        "lastModified": 1719708727,
        "narHash": "sha256-XFNKtyirrGNdehpg7lMNm1skEcBApjqGhaHc/OI95HY=",
        "owner": "nix-community",
        "repo": "nixpkgs.lib",
        "rev": "1bba8a624b3b9d4f68db94fb63aaeb46039ce9e6",
        "type": "github"
      },
      "original": {
        "owner": "nix-community",
        "repo": "nixpkgs.lib",
        "type": "github"
      }
    },
    "nixos-boot": {
      "locked": {
        "lastModified": 1714108925,
        "narHash": "sha256-gL1qrQsDT3SmcmoXZ+XFDaSQ1KLHWvNNjeXZsUHNPAw=",
        "owner": "Melkor333",
        "repo": "nixos-boot",
        "rev": "b77ad68a6fd069b6031ecd5818c90efc62bef251",
        "type": "github"
      },
      "original": {
        "owner": "Melkor333",
        "repo": "nixos-boot",
        "type": "github"
      }
    },
    "nixos-generators": {
      "inputs": {
        "nixlib": "nixlib",
        "nixpkgs": [
          "nixpkgs"
        ]
      },
      "locked": {
        "lastModified": 1720859326,
        "narHash": "sha256-i8BiZj5faQS6gsupE0S9xtiyZmWinGpVLwxXWV342aQ=",
        "owner": "nix-community",
        "repo": "nixos-generators",
        "rev": "076ea5b672bb1ea535ee84cfdabd0c2f0b7f20c7",
        "type": "github"
      },
      "original": {
        "owner": "nix-community",
        "repo": "nixos-generators",
        "type": "github"
      }
    },
    "nixpkgs": {
      "locked": {
        "lastModified": 1720957393,
        "narHash": "sha256-oedh2RwpjEa+TNxhg5Je9Ch6d3W1NKi7DbRO1ziHemA=",
        "owner": "nixos",
        "repo": "nixpkgs",
        "rev": "693bc46d169f5af9c992095736e82c3488bf7dbb",
        "type": "github"
      },
      "original": {
        "owner": "nixos",
        "ref": "nixos-unstable",
        "repo": "nixpkgs",
        "type": "github"
      }
    },
    "nixpkgs_2": {
      "locked": {
        "lastModified": 1720957393,
        "narHash": "sha256-oedh2RwpjEa+TNxhg5Je9Ch6d3W1NKi7DbRO1ziHemA=",
        "owner": "nixos",
        "repo": "nixpkgs",
        "rev": "693bc46d169f5af9c992095736e82c3488bf7dbb",
        "type": "github"
      },
      "original": {
        "owner": "nixos",
        "ref": "nixos-unstable",
        "repo": "nixpkgs",
        "type": "github"
      }
    },
    "root": {
      "inputs": {
        "livecdhome": "livecdhome",
        "nixos-boot": "nixos-boot",
        "nixos-generators": "nixos-generators",
        "nixpkgs": "nixpkgs_2",
        "sddm-sugar-candy-nix": "sddm-sugar-candy-nix"
      }
    },
    "sddm-sugar-candy-nix": {
      "inputs": {
        "nixpkgs": [
          "nixpkgs"
        ]
      },
      "locked": {
        "lastModified": 1717241028,
        "narHash": "sha256-GO96asMkQ1hQGBJWyxkbM9cplypqXY2Wb5TpKRMfxiE=",
        "owner": "Zhaith-Izaliel",
        "repo": "sddm-sugar-candy-nix",
        "rev": "b410c02eb404db9456cce766bd3ff7944a86ccb2",
        "type": "gitlab"
      },
      "original": {
        "owner": "Zhaith-Izaliel",
        "repo": "sddm-sugar-candy-nix",
        "type": "gitlab"
      }
    }
  },
  "root": "root",
  "version": 7
}
